
Microsoft Visual Studio Solution File, Format Version 12.00
# Visual Studio Version 17
VisualStudioVersion = 17.6.33815.320
MinimumVisualStudioVersion = 10.0.40219.1
Project("{FAE04EC0-301F-11D3-BF4B-00C04F79EFBC}") = "MatveevaSessia2", "MatveevaSessia2\MatveevaSessia2.csproj", "{1C39FB04-D20A-480D-AD9A-D361F6119902}"
EndProject
Global
	GlobalSection(SolutionConfigurationPlatforms) = preSolution
		Debug|Any CPU = Debug|Any CPU
		Release|Any CPU = Release|Any CPU
	EndGlobalSection
	GlobalSection(ProjectConfigurationPlatforms) = postSolution
		{1C39FB04-D20A-480D-AD9A-D361F6119902}.Debug|Any CPU.ActiveCfg = Debug|Any CPU
		{1C39FB04-D20A-480D-AD9A-D361F6119902}.Debug|Any CPU.Build.0 = Debug|Any CPU
		{1C39FB04-D20A-480D-AD9A-D361F6119902}.Release|Any CPU.ActiveCfg = Release|Any CPU
		{1C39FB04-D20A-480D-AD9A-D361F6119902}.Release|Any CPU.Build.0 = Release|Any CPU
	EndGlobalSection
	GlobalSection(SolutionProperties) = preSolution
		HideSolutionNode = FALSE
	EndGlobalSection
	GlobalSection(ExtensibilityGlobals) = postSolution
		SolutionGuid = {432D71AF-D654-4C19-9CFE-F4D55B0EE78B}
	EndGlobalSection
EndGlobal
